
Microsoft Visual Studio Solution File, Format Version 12.00
# Visual Studio Version 16
VisualStudioVersion = 16.0.31702.278
MinimumVisualStudioVersion = 10.0.40219.1
Project("{FAE04EC0-301F-11D3-BF4B-00C04F79EFBC}") = "Laborator1_PSSC_DanMirceaAurelian", "Laborator1_PSSC_DanMirceaAurelian\Laborator1_PSSC_DanMirceaAurelian.csproj", "{D76E9410-A2F0-4EBC-8FBB-54640C6B8B1D}"
EndProject
Global
	GlobalSection(SolutionConfigurationPlatforms) = preSolution
		Debug|Any CPU = Debug|Any CPU
		Release|Any CPU = Release|Any CPU
	EndGlobalSection
	GlobalSection(ProjectConfigurationPlatforms) = postSolution
		{D76E9410-A2F0-4EBC-8FBB-54640C6B8B1D}.Debug|Any CPU.ActiveCfg = Debug|Any CPU
		{D76E9410-A2F0-4EBC-8FBB-54640C6B8B1D}.Debug|Any CPU.Build.0 = Debug|Any CPU
		{D76E9410-A2F0-4EBC-8FBB-54640C6B8B1D}.Release|Any CPU.ActiveCfg = Release|Any CPU
		{D76E9410-A2F0-4EBC-8FBB-54640C6B8B1D}.Release|Any CPU.Build.0 = Release|Any CPU
	EndGlobalSection
	GlobalSection(SolutionProperties) = preSolution
		HideSolutionNode = FALSE
	EndGlobalSection
	GlobalSection(ExtensibilityGlobals) = postSolution
		SolutionGuid = {0F13030F-9FEF-4B7D-AA1D-CCF84ABFF426}
	EndGlobalSection
EndGlobal
